
Microsoft Visual Studio Solution File, Format Version 12.00
# Visual Studio Version 16
VisualStudioVersion = 16.0.29102.190
MinimumVisualStudioVersion = 10.0.40219.1
Project("{FAE04EC0-301F-11D3-BF4B-00C04F79EFBC}") = "Omahappiness.Android", "Omahappiness\Omahappiness.Android\Omahappiness.Android.csproj", "{6BD28033-9020-453F-BFAE-56EF6DE146A2}"
EndProject
Project("{FAE04EC0-301F-11D3-BF4B-00C04F79EFBC}") = "Omahappiness.iOS", "Omahappiness\Omahappiness.iOS\Omahappiness.iOS.csproj", "{D1E3CCD7-3103-412E-8E9C-4C60AAE0B8F5}"
EndProject
Project("{FAE04EC0-301F-11D3-BF4B-00C04F79EFBC}") = "Omahappiness", "Omahappiness\Omahappiness\Omahappiness.csproj", "{3CEA1482-1CD1-463C-B11F-5390DBE947C3}"
EndProject
Project("{FAE04EC0-301F-11D3-BF4B-00C04F79EFBC}") = "Poker", "Poker\Poker.csproj", "{7E115433-3EE0-4311-BAAF-4E919110454D}"
EndProject
Project("{FAE04EC0-301F-11D3-BF4B-00C04F79EFBC}") = "Poker.Test", "Poker.Test\Poker.Test.csproj", "{2A0FF530-90CA-45C5-A0C8-8929585FB322}"
EndProject
Project("{FAE04EC0-301F-11D3-BF4B-00C04F79EFBC}") = "PokerPlayground", "PokerPlayground\PokerPlayground.csproj", "{82C5F55D-94A6-4499-9B8D-04A05EF3D4CF}"
EndProject
Project("{FAE04EC0-301F-11D3-BF4B-00C04F79EFBC}") = "Extensions", "Extensions\Extensions.csproj", "{F33521A9-9B7A-4B0D-AEFA-CB4693CEDE4D}"
EndProject
Global
	GlobalSection(SolutionConfigurationPlatforms) = preSolution
		Debug|Any CPU = Debug|Any CPU
		Debug|iPhone = Debug|iPhone
		Debug|iPhoneSimulator = Debug|iPhoneSimulator
		Debug|x64 = Debug|x64
		Debug|x86 = Debug|x86
		Release|Any CPU = Release|Any CPU
		Release|iPhone = Release|iPhone
		Release|iPhoneSimulator = Release|iPhoneSimulator
		Release|x64 = Release|x64
		Release|x86 = Release|x86
	EndGlobalSection
	GlobalSection(ProjectConfigurationPlatforms) = postSolution
		{6BD28033-9020-453F-BFAE-56EF6DE146A2}.Debug|Any CPU.ActiveCfg = Debug|Any CPU
		{6BD28033-9020-453F-BFAE-56EF6DE146A2}.Debug|Any CPU.Build.0 = Debug|Any CPU
		{6BD28033-9020-453F-BFAE-56EF6DE146A2}.Debug|Any CPU.Deploy.0 = Debug|Any CPU
		{6BD28033-9020-453F-BFAE-56EF6DE146A2}.Debug|iPhone.ActiveCfg = Debug|Any CPU
		{6BD28033-9020-453F-BFAE-56EF6DE146A2}.Debug|iPhone.Build.0 = Debug|Any CPU
		{6BD28033-9020-453F-BFAE-56EF6DE146A2}.Debug|iPhone.Deploy.0 = Debug|Any CPU
		{6BD28033-9020-453F-BFAE-56EF6DE146A2}.Debug|iPhoneSimulator.ActiveCfg = Debug|Any CPU
		{6BD28033-9020-453F-BFAE-56EF6DE146A2}.Debug|iPhoneSimulator.Build.0 = Debug|Any CPU
		{6BD28033-9020-453F-BFAE-56EF6DE146A2}.Debug|iPhoneSimulator.Deploy.0 = Debug|Any CPU
		{6BD28033-9020-453F-BFAE-56EF6DE146A2}.Debug|x64.ActiveCfg = Debug|Any CPU
		{6BD28033-9020-453F-BFAE-56EF6DE146A2}.Debug|x64.Build.0 = Debug|Any CPU
		{6BD28033-9020-453F-BFAE-56EF6DE146A2}.Debug|x64.Deploy.0 = Debug|Any CPU
		{6BD28033-9020-453F-BFAE-56EF6DE146A2}.Debug|x86.ActiveCfg = Debug|Any CPU
		{6BD28033-9020-453F-BFAE-56EF6DE146A2}.Debug|x86.Build.0 = Debug|Any CPU
		{6BD28033-9020-453F-BFAE-56EF6DE146A2}.Debug|x86.Deploy.0 = Debug|Any CPU
		{6BD28033-9020-453F-BFAE-56EF6DE146A2}.Release|Any CPU.ActiveCfg = Release|Any CPU
		{6BD28033-9020-453F-BFAE-56EF6DE146A2}.Release|Any CPU.Build.0 = Release|Any CPU
		{6BD28033-9020-453F-BFAE-56EF6DE146A2}.Release|Any CPU.Deploy.0 = Release|Any CPU
		{6BD28033-9020-453F-BFAE-56EF6DE146A2}.Release|iPhone.ActiveCfg = Release|Any CPU
		{6BD28033-9020-453F-BFAE-56EF6DE146A2}.Release|iPhone.Build.0 = Release|Any CPU
		{6BD28033-9020-453F-BFAE-56EF6DE146A2}.Release|iPhone.Deploy.0 = Release|Any CPU
		{6BD28033-9020-453F-BFAE-56EF6DE146A2}.Release|iPhoneSimulator.ActiveCfg = Release|Any CPU
		{6BD28033-9020-453F-BFAE-56EF6DE146A2}.Release|iPhoneSimulator.Build.0 = Release|Any CPU
		{6BD28033-9020-453F-BFAE-56EF6DE146A2}.Release|iPhoneSimulator.Deploy.0 = Release|Any CPU
		{6BD28033-9020-453F-BFAE-56EF6DE146A2}.Release|x64.ActiveCfg = Release|Any CPU
		{6BD28033-9020-453F-BFAE-56EF6DE146A2}.Release|x64.Build.0 = Release|Any CPU
		{6BD28033-9020-453F-BFAE-56EF6DE146A2}.Release|x64.Deploy.0 = Release|Any CPU
		{6BD28033-9020-453F-BFAE-56EF6DE146A2}.Release|x86.ActiveCfg = Release|Any CPU
		{6BD28033-9020-453F-BFAE-56EF6DE146A2}.Release|x86.Build.0 = Release|Any CPU
		{6BD28033-9020-453F-BFAE-56EF6DE146A2}.Release|x86.Deploy.0 = Release|Any CPU
		{D1E3CCD7-3103-412E-8E9C-4C60AAE0B8F5}.Debug|Any CPU.ActiveCfg = Debug|iPhoneSimulator
		{D1E3CCD7-3103-412E-8E9C-4C60AAE0B8F5}.Debug|Any CPU.Build.0 = Debug|iPhoneSimulator
		{D1E3CCD7-3103-412E-8E9C-4C60AAE0B8F5}.Debug|Any CPU.Deploy.0 = Debug|iPhoneSimulator
		{D1E3CCD7-3103-412E-8E9C-4C60AAE0B8F5}.Debug|iPhone.ActiveCfg = Debug|iPhone
		{D1E3CCD7-3103-412E-8E9C-4C60AAE0B8F5}.Debug|iPhone.Build.0 = Debug|iPhone
		{D1E3CCD7-3103-412E-8E9C-4C60AAE0B8F5}.Debug|iPhone.Deploy.0 = Debug|iPhone
		{D1E3CCD7-3103-412E-8E9C-4C60AAE0B8F5}.Debug|iPhoneSimulator.ActiveCfg = Debug|iPhoneSimulator
		{D1E3CCD7-3103-412E-8E9C-4C60AAE0B8F5}.Debug|iPhoneSimulator.Build.0 = Debug|iPhoneSimulator
		{D1E3CCD7-3103-412E-8E9C-4C60AAE0B8F5}.Debug|iPhoneSimulator.Deploy.0 = Debug|iPhoneSimulator
		{D1E3CCD7-3103-412E-8E9C-4C60AAE0B8F5}.Debug|x64.ActiveCfg = Debug|iPhone
		{D1E3CCD7-3103-412E-8E9C-4C60AAE0B8F5}.Debug|x86.ActiveCfg = Debug|iPhone
		{D1E3CCD7-3103-412E-8E9C-4C60AAE0B8F5}.Release|Any CPU.ActiveCfg = Release|iPhone
		{D1E3CCD7-3103-412E-8E9C-4C60AAE0B8F5}.Release|Any CPU.Build.0 = Release|iPhone
		{D1E3CCD7-3103-412E-8E9C-4C60AAE0B8F5}.Release|Any CPU.Deploy.0 = Release|iPhone
		{D1E3CCD7-3103-412E-8E9C-4C60AAE0B8F5}.Release|iPhone.ActiveCfg = Release|iPhone
		{D1E3CCD7-3103-412E-8E9C-4C60AAE0B8F5}.Release|iPhone.Build.0 = Release|iPhone
		{D1E3CCD7-3103-412E-8E9C-4C60AAE0B8F5}.Release|iPhone.Deploy.0 = Release|iPhone
		{D1E3CCD7-3103-412E-8E9C-4C60AAE0B8F5}.Release|iPhoneSimulator.ActiveCfg = Release|iPhoneSimulator
		{D1E3CCD7-3103-412E-8E9C-4C60AAE0B8F5}.Release|iPhoneSimulator.Build.0 = Release|iPhoneSimulator
		{D1E3CCD7-3103-412E-8E9C-4C60AAE0B8F5}.Release|iPhoneSimulator.Deploy.0 = Release|iPhoneSimulator
		{D1E3CCD7-3103-412E-8E9C-4C60AAE0B8F5}.Release|x64.ActiveCfg = Release|iPhone
		{D1E3CCD7-3103-412E-8E9C-4C60AAE0B8F5}.Release|x86.ActiveCfg = Release|iPhone
		{3CEA1482-1CD1-463C-B11F-5390DBE947C3}.Debug|Any CPU.ActiveCfg = Debug|Any CPU
		{3CEA1482-1CD1-463C-B11F-5390DBE947C3}.Debug|Any CPU.Build.0 = Debug|Any CPU
		{3CEA1482-1CD1-463C-B11F-5390DBE947C3}.Debug|Any CPU.Deploy.0 = Debug|Any CPU
		{3CEA1482-1CD1-463C-B11F-5390DBE947C3}.Debug|iPhone.ActiveCfg = Debug|Any CPU
		{3CEA1482-1CD1-463C-B11F-5390DBE947C3}.Debug|iPhone.Build.0 = Debug|Any CPU
		{3CEA1482-1CD1-463C-B11F-5390DBE947C3}.Debug|iPhone.Deploy.0 = Debug|Any CPU
		{3CEA1482-1CD1-463C-B11F-5390DBE947C3}.Debug|iPhoneSimulator.ActiveCfg = Debug|Any CPU
		{3CEA1482-1CD1-463C-B11F-5390DBE947C3}.Debug|iPhoneSimulator.Build.0 = Debug|Any CPU
		{3CEA1482-1CD1-463C-B11F-5390DBE947C3}.Debug|iPhoneSimulator.Deploy.0 = Debug|Any CPU
		{3CEA1482-1CD1-463C-B11F-5390DBE947C3}.Debug|x64.ActiveCfg = Debug|Any CPU
		{3CEA1482-1CD1-463C-B11F-5390DBE947C3}.Debug|x64.Build.0 = Debug|Any CPU
		{3CEA1482-1CD1-463C-B11F-5390DBE947C3}.Debug|x86.ActiveCfg = Debug|Any CPU
		{3CEA1482-1CD1-463C-B11F-5390DBE947C3}.Debug|x86.Build.0 = Debug|Any CPU
		{3CEA1482-1CD1-463C-B11F-5390DBE947C3}.Release|Any CPU.ActiveCfg = Release|Any CPU
		{3CEA1482-1CD1-463C-B11F-5390DBE947C3}.Release|Any CPU.Build.0 = Release|Any CPU
		{3CEA1482-1CD1-463C-B11F-5390DBE947C3}.Release|Any CPU.Deploy.0 = Release|Any CPU
		{3CEA1482-1CD1-463C-B11F-5390DBE947C3}.Release|iPhone.ActiveCfg = Release|Any CPU
		{3CEA1482-1CD1-463C-B11F-5390DBE947C3}.Release|iPhone.Build.0 = Release|Any CPU
		{3CEA1482-1CD1-463C-B11F-5390DBE947C3}.Release|iPhone.Deploy.0 = Release|Any CPU
		{3CEA1482-1CD1-463C-B11F-5390DBE947C3}.Release|iPhoneSimulator.ActiveCfg = Release|Any CPU
		{3CEA1482-1CD1-463C-B11F-5390DBE947C3}.Release|iPhoneSimulator.Build.0 = Release|Any CPU
		{3CEA1482-1CD1-463C-B11F-5390DBE947C3}.Release|iPhoneSimulator.Deploy.0 = Release|Any CPU
		{3CEA1482-1CD1-463C-B11F-5390DBE947C3}.Release|x64.ActiveCfg = Release|Any CPU
		{3CEA1482-1CD1-463C-B11F-5390DBE947C3}.Release|x64.Build.0 = Release|Any CPU
		{3CEA1482-1CD1-463C-B11F-5390DBE947C3}.Release|x86.ActiveCfg = Release|Any CPU
		{3CEA1482-1CD1-463C-B11F-5390DBE947C3}.Release|x86.Build.0 = Release|Any CPU
		{7E115433-3EE0-4311-BAAF-4E919110454D}.Debug|Any CPU.ActiveCfg = Debug|Any CPU
		{7E115433-3EE0-4311-BAAF-4E919110454D}.Debug|Any CPU.Build.0 = Debug|Any CPU
		{7E115433-3EE0-4311-BAAF-4E919110454D}.Debug|iPhone.ActiveCfg = Debug|Any CPU
		{7E115433-3EE0-4311-BAAF-4E919110454D}.Debug|iPhone.Build.0 = Debug|Any CPU
		{7E115433-3EE0-4311-BAAF-4E919110454D}.Debug|iPhoneSimulator.ActiveCfg = Debug|Any CPU
		{7E115433-3EE0-4311-BAAF-4E919110454D}.Debug|iPhoneSimulator.Build.0 = Debug|Any CPU
		{7E115433-3EE0-4311-BAAF-4E919110454D}.Debug|x64.ActiveCfg = Debug|Any CPU
		{7E115433-3EE0-4311-BAAF-4E919110454D}.Debug|x64.Build.0 = Debug|Any CPU
		{7E115433-3EE0-4311-BAAF-4E919110454D}.Debug|x86.ActiveCfg = Debug|Any CPU
		{7E115433-3EE0-4311-BAAF-4E919110454D}.Debug|x86.Build.0 = Debug|Any CPU
		{7E115433-3EE0-4311-BAAF-4E919110454D}.Release|Any CPU.ActiveCfg = Release|Any CPU
		{7E115433-3EE0-4311-BAAF-4E919110454D}.Release|Any CPU.Build.0 = Release|Any CPU
		{7E115433-3EE0-4311-BAAF-4E919110454D}.Release|iPhone.ActiveCfg = Release|Any CPU
		{7E115433-3EE0-4311-BAAF-4E919110454D}.Release|iPhone.Build.0 = Release|Any CPU
		{7E115433-3EE0-4311-BAAF-4E919110454D}.Release|iPhoneSimulator.ActiveCfg = Release|Any CPU
		{7E115433-3EE0-4311-BAAF-4E919110454D}.Release|iPhoneSimulator.Build.0 = Release|Any CPU
		{7E115433-3EE0-4311-BAAF-4E919110454D}.Release|x64.ActiveCfg = Release|Any CPU
		{7E115433-3EE0-4311-BAAF-4E919110454D}.Release|x64.Build.0 = Release|Any CPU
		{7E115433-3EE0-4311-BAAF-4E919110454D}.Release|x86.ActiveCfg = Release|Any CPU
		{7E115433-3EE0-4311-BAAF-4E919110454D}.Release|x86.Build.0 = Release|Any CPU
		{2A0FF530-90CA-45C5-A0C8-8929585FB322}.Debug|Any CPU.ActiveCfg = Debug|Any CPU
		{2A0FF530-90CA-45C5-A0C8-8929585FB322}.Debug|Any CPU.Build.0 = Debug|Any CPU
		{2A0FF530-90CA-45C5-A0C8-8929585FB322}.Debug|iPhone.ActiveCfg = Debug|Any CPU
		{2A0FF530-90CA-45C5-A0C8-8929585FB322}.Debug|iPhone.Build.0 = Debug|Any CPU
		{2A0FF530-90CA-45C5-A0C8-8929585FB322}.Debug|iPhoneSimulator.ActiveCfg = Debug|Any CPU
		{2A0FF530-90CA-45C5-A0C8-8929585FB322}.Debug|iPhoneSimulator.Build.0 = Debug|Any CPU
		{2A0FF530-90CA-45C5-A0C8-8929585FB322}.Debug|x64.ActiveCfg = Debug|Any CPU
		{2A0FF530-90CA-45C5-A0C8-8929585FB322}.Debug|x64.Build.0 = Debug|Any CPU
		{2A0FF530-90CA-45C5-A0C8-8929585FB322}.Debug|x86.ActiveCfg = Debug|Any CPU
		{2A0FF530-90CA-45C5-A0C8-8929585FB322}.Debug|x86.Build.0 = Debug|Any CPU
		{2A0FF530-90CA-45C5-A0C8-8929585FB322}.Release|Any CPU.ActiveCfg = Release|Any CPU
		{2A0FF530-90CA-45C5-A0C8-8929585FB322}.Release|Any CPU.Build.0 = Release|Any CPU
		{2A0FF530-90CA-45C5-A0C8-8929585FB322}.Release|iPhone.ActiveCfg = Release|Any CPU
		{2A0FF530-90CA-45C5-A0C8-8929585FB322}.Release|iPhone.Build.0 = Release|Any CPU
		{2A0FF530-90CA-45C5-A0C8-8929585FB322}.Release|iPhoneSimulator.ActiveCfg = Release|Any CPU
		{2A0FF530-90CA-45C5-A0C8-8929585FB322}.Release|iPhoneSimulator.Build.0 = Release|Any CPU
		{2A0FF530-90CA-45C5-A0C8-8929585FB322}.Release|x64.ActiveCfg = Release|Any CPU
		{2A0FF530-90CA-45C5-A0C8-8929585FB322}.Release|x64.Build.0 = Release|Any CPU
		{2A0FF530-90CA-45C5-A0C8-8929585FB322}.Release|x86.ActiveCfg = Release|Any CPU
		{2A0FF530-90CA-45C5-A0C8-8929585FB322}.Release|x86.Build.0 = Release|Any CPU
		{82C5F55D-94A6-4499-9B8D-04A05EF3D4CF}.Debug|Any CPU.ActiveCfg = Debug|Any CPU
		{82C5F55D-94A6-4499-9B8D-04A05EF3D4CF}.Debug|Any CPU.Build.0 = Debug|Any CPU
		{82C5F55D-94A6-4499-9B8D-04A05EF3D4CF}.Debug|iPhone.ActiveCfg = Debug|Any CPU
		{82C5F55D-94A6-4499-9B8D-04A05EF3D4CF}.Debug|iPhone.Build.0 = Debug|Any CPU
		{82C5F55D-94A6-4499-9B8D-04A05EF3D4CF}.Debug|iPhoneSimulator.ActiveCfg = Debug|Any CPU
		{82C5F55D-94A6-4499-9B8D-04A05EF3D4CF}.Debug|iPhoneSimulator.Build.0 = Debug|Any CPU
		{82C5F55D-94A6-4499-9B8D-04A05EF3D4CF}.Debug|x64.ActiveCfg = Debug|Any CPU
		{82C5F55D-94A6-4499-9B8D-04A05EF3D4CF}.Debug|x64.Build.0 = Debug|Any CPU
		{82C5F55D-94A6-4499-9B8D-04A05EF3D4CF}.Debug|x86.ActiveCfg = Debug|Any CPU
		{82C5F55D-94A6-4499-9B8D-04A05EF3D4CF}.Debug|x86.Build.0 = Debug|Any CPU
		{82C5F55D-94A6-4499-9B8D-04A05EF3D4CF}.Release|Any CPU.ActiveCfg = Release|Any CPU
		{82C5F55D-94A6-4499-9B8D-04A05EF3D4CF}.Release|Any CPU.Build.0 = Release|Any CPU
		{82C5F55D-94A6-4499-9B8D-04A05EF3D4CF}.Release|iPhone.ActiveCfg = Release|Any CPU
		{82C5F55D-94A6-4499-9B8D-04A05EF3D4CF}.Release|iPhone.Build.0 = Release|Any CPU
		{82C5F55D-94A6-4499-9B8D-04A05EF3D4CF}.Release|iPhoneSimulator.ActiveCfg = Release|Any CPU
		{82C5F55D-94A6-4499-9B8D-04A05EF3D4CF}.Release|iPhoneSimulator.Build.0 = Release|Any CPU
		{82C5F55D-94A6-4499-9B8D-04A05EF3D4CF}.Release|x64.ActiveCfg = Release|Any CPU
		{82C5F55D-94A6-4499-9B8D-04A05EF3D4CF}.Release|x64.Build.0 = Release|Any CPU
		{82C5F55D-94A6-4499-9B8D-04A05EF3D4CF}.Release|x86.ActiveCfg = Release|Any CPU
		{82C5F55D-94A6-4499-9B8D-04A05EF3D4CF}.Release|x86.Build.0 = Release|Any CPU
		{F33521A9-9B7A-4B0D-AEFA-CB4693CEDE4D}.Debug|Any CPU.ActiveCfg = Debug|Any CPU
		{F33521A9-9B7A-4B0D-AEFA-CB4693CEDE4D}.Debug|Any CPU.Build.0 = Debug|Any CPU
		{F33521A9-9B7A-4B0D-AEFA-CB4693CEDE4D}.Debug|iPhone.ActiveCfg = Debug|Any CPU
		{F33521A9-9B7A-4B0D-AEFA-CB4693CEDE4D}.Debug|iPhone.Build.0 = Debug|Any CPU
		{F33521A9-9B7A-4B0D-AEFA-CB4693CEDE4D}.Debug|iPhoneSimulator.ActiveCfg = Debug|Any CPU
		{F33521A9-9B7A-4B0D-AEFA-CB4693CEDE4D}.Debug|iPhoneSimulator.Build.0 = Debug|Any CPU
		{F33521A9-9B7A-4B0D-AEFA-CB4693CEDE4D}.Debug|x64.ActiveCfg = Debug|Any CPU
		{F33521A9-9B7A-4B0D-AEFA-CB4693CEDE4D}.Debug|x64.Build.0 = Debug|Any CPU
		{F33521A9-9B7A-4B0D-AEFA-CB4693CEDE4D}.Debug|x86.ActiveCfg = Debug|Any CPU
		{F33521A9-9B7A-4B0D-AEFA-CB4693CEDE4D}.Debug|x86.Build.0 = Debug|Any CPU
		{F33521A9-9B7A-4B0D-AEFA-CB4693CEDE4D}.Release|Any CPU.ActiveCfg = Release|Any CPU
		{F33521A9-9B7A-4B0D-AEFA-CB4693CEDE4D}.Release|Any CPU.Build.0 = Release|Any CPU
		{F33521A9-9B7A-4B0D-AEFA-CB4693CEDE4D}.Release|iPhone.ActiveCfg = Release|Any CPU
		{F33521A9-9B7A-4B0D-AEFA-CB4693CEDE4D}.Release|iPhone.Build.0 = Release|Any CPU
		{F33521A9-9B7A-4B0D-AEFA-CB4693CEDE4D}.Release|iPhoneSimulator.ActiveCfg = Release|Any CPU
		{F33521A9-9B7A-4B0D-AEFA-CB4693CEDE4D}.Release|iPhoneSimulator.Build.0 = Release|Any CPU
		{F33521A9-9B7A-4B0D-AEFA-CB4693CEDE4D}.Release|x64.ActiveCfg = Release|Any CPU
		{F33521A9-9B7A-4B0D-AEFA-CB4693CEDE4D}.Release|x64.Build.0 = Release|Any CPU
		{F33521A9-9B7A-4B0D-AEFA-CB4693CEDE4D}.Release|x86.ActiveCfg = Release|Any CPU
		{F33521A9-9B7A-4B0D-AEFA-CB4693CEDE4D}.Release|x86.Build.0 = Release|Any CPU
	EndGlobalSection
	GlobalSection(SolutionProperties) = preSolution
		HideSolutionNode = FALSE
	EndGlobalSection
	GlobalSection(ExtensibilityGlobals) = postSolution
		SolutionGuid = {25496F99-69C6-46DA-83D4-282A479C396B}
	EndGlobalSection
EndGlobal
